{
  "requires": true,
  "lockfileVersion": 1,
  "dependencies": {
    "react-hook-form": {
      "version": "4.8.2",
      "resolved": "https://registry.npmjs.org/react-hook-form/-/react-hook-form-4.8.2.tgz",
      "integrity": "sha512-8f0nblsiIiVyYmnVUHumLy12hipzyfz+cyJo30mzPFS8S1cBm1jzOe5d7qt7kXbjaiAOQg6lZ760E9XUAp4pEA=="
    }
  }
}
